
Microsoft Visual Studio Solution File, Format Version 11.00
# Visual Studio 2010
Project("{8BC9CEB8-8B4A-11D0-8D11-00A0C91BC942}") = "nml", "nml.vcxproj", "{B8F9F140-A15F-A306-438B-E11A98258670}"
	ProjectSection(ProjectDependencies) = postProject
		{4AC18029-BBD1-D61E-FD9A-0EADEF485163} = {4AC18029-BBD1-D61E-FD9A-0EADEF485163}
		{0E57878B-8F3D-4121-B720-17EF64D44471} = {0E57878B-8F3D-4121-B720-17EF64D44471}
	EndProjectSection
EndProject
Project("{8BC9CEB8-8B4A-11D0-8D11-00A0C91BC942}") = "lua.DLL", "..\lua\DLL\DLL.vcxproj", "{0E57878B-8F3D-4121-B720-17EF64D44471}"
EndProject
Project("{8BC9CEB8-8B4A-11D0-8D11-00A0C91BC942}") = "nanomsg", "..\nanomsg\nanomsg.vcxproj", "{4AC18029-BBD1-D61E-FD9A-0EADEF485163}"
EndProject
Project("{8BC9CEB8-8B4A-11D0-8D11-00A0C91BC942}") = "test", "test\test.vcxproj", "{ED18FA17-0773-48D0-BA6C-EDAB241FE5D8}"
EndProject
Project("{8BC9CEB8-8B4A-11D0-8D11-00A0C91BC942}") = "dsxlua_app", "dsxlua_app\dsxlua_app.vcxproj", "{956396B5-A948-4BFD-B285-71C83E6D7215}"
EndProject
Global
	GlobalSection(SolutionConfigurationPlatforms) = preSolution
		Debug|Win32 = Debug|Win32
		Debug|x64 = Debug|x64
		Release|Win32 = Release|Win32
		Release|x64 = Release|x64
	EndGlobalSection
	GlobalSection(ProjectConfigurationPlatforms) = postSolution
		{B8F9F140-A15F-A306-438B-E11A98258670}.Debug|Win32.ActiveCfg = Debug|Win32
		{B8F9F140-A15F-A306-438B-E11A98258670}.Debug|Win32.Build.0 = Debug|Win32
		{B8F9F140-A15F-A306-438B-E11A98258670}.Debug|x64.ActiveCfg = Debug|x64
		{B8F9F140-A15F-A306-438B-E11A98258670}.Debug|x64.Build.0 = Debug|x64
		{B8F9F140-A15F-A306-438B-E11A98258670}.Release|Win32.ActiveCfg = Release|Win32
		{B8F9F140-A15F-A306-438B-E11A98258670}.Release|Win32.Build.0 = Release|Win32
		{B8F9F140-A15F-A306-438B-E11A98258670}.Release|x64.ActiveCfg = Release|x64
		{B8F9F140-A15F-A306-438B-E11A98258670}.Release|x64.Build.0 = Release|x64
		{0E57878B-8F3D-4121-B720-17EF64D44471}.Debug|Win32.ActiveCfg = Debug|Win32
		{0E57878B-8F3D-4121-B720-17EF64D44471}.Debug|Win32.Build.0 = Debug|Win32
		{0E57878B-8F3D-4121-B720-17EF64D44471}.Debug|x64.ActiveCfg = Debug|x64
		{0E57878B-8F3D-4121-B720-17EF64D44471}.Debug|x64.Build.0 = Debug|x64
		{0E57878B-8F3D-4121-B720-17EF64D44471}.Release|Win32.ActiveCfg = Release|Win32
		{0E57878B-8F3D-4121-B720-17EF64D44471}.Release|Win32.Build.0 = Release|Win32
		{0E57878B-8F3D-4121-B720-17EF64D44471}.Release|x64.ActiveCfg = Release|x64
		{0E57878B-8F3D-4121-B720-17EF64D44471}.Release|x64.Build.0 = Release|x64
		{4AC18029-BBD1-D61E-FD9A-0EADEF485163}.Debug|Win32.ActiveCfg = Debug|Win32
		{4AC18029-BBD1-D61E-FD9A-0EADEF485163}.Debug|Win32.Build.0 = Debug|Win32
		{4AC18029-BBD1-D61E-FD9A-0EADEF485163}.Debug|x64.ActiveCfg = Debug|x64
		{4AC18029-BBD1-D61E-FD9A-0EADEF485163}.Debug|x64.Build.0 = Debug|x64
		{4AC18029-BBD1-D61E-FD9A-0EADEF485163}.Release|Win32.ActiveCfg = Release|Win32
		{4AC18029-BBD1-D61E-FD9A-0EADEF485163}.Release|Win32.Build.0 = Release|Win32
		{4AC18029-BBD1-D61E-FD9A-0EADEF485163}.Release|x64.ActiveCfg = Release|x64
		{4AC18029-BBD1-D61E-FD9A-0EADEF485163}.Release|x64.Build.0 = Release|x64
		{ED18FA17-0773-48D0-BA6C-EDAB241FE5D8}.Debug|Win32.ActiveCfg = Debug|Win32
		{ED18FA17-0773-48D0-BA6C-EDAB241FE5D8}.Debug|Win32.Build.0 = Debug|Win32
		{ED18FA17-0773-48D0-BA6C-EDAB241FE5D8}.Debug|x64.ActiveCfg = Debug|x64
		{ED18FA17-0773-48D0-BA6C-EDAB241FE5D8}.Debug|x64.Build.0 = Debug|x64
		{ED18FA17-0773-48D0-BA6C-EDAB241FE5D8}.Release|Win32.ActiveCfg = Release|Win32
		{ED18FA17-0773-48D0-BA6C-EDAB241FE5D8}.Release|Win32.Build.0 = Release|Win32
		{ED18FA17-0773-48D0-BA6C-EDAB241FE5D8}.Release|x64.ActiveCfg = Release|x64
		{ED18FA17-0773-48D0-BA6C-EDAB241FE5D8}.Release|x64.Build.0 = Release|x64
		{956396B5-A948-4BFD-B285-71C83E6D7215}.Debug|Win32.ActiveCfg = Debug|Win32
		{956396B5-A948-4BFD-B285-71C83E6D7215}.Debug|Win32.Build.0 = Debug|Win32
		{956396B5-A948-4BFD-B285-71C83E6D7215}.Debug|x64.ActiveCfg = Debug|x64
		{956396B5-A948-4BFD-B285-71C83E6D7215}.Debug|x64.Build.0 = Debug|x64
		{956396B5-A948-4BFD-B285-71C83E6D7215}.Release|Win32.ActiveCfg = Release|Win32
		{956396B5-A948-4BFD-B285-71C83E6D7215}.Release|Win32.Build.0 = Release|Win32
		{956396B5-A948-4BFD-B285-71C83E6D7215}.Release|x64.ActiveCfg = Release|x64
		{956396B5-A948-4BFD-B285-71C83E6D7215}.Release|x64.Build.0 = Release|x64
	EndGlobalSection
	GlobalSection(SolutionProperties) = preSolution
		HideSolutionNode = FALSE
	EndGlobalSection
EndGlobal
